
Microsoft Visual Studio Solution File, Format Version 12.00
# Visual Studio Version 16
VisualStudioVersion = 16.0.31313.79
MinimumVisualStudioVersion = 10.0.40219.1
Project("{FAE04EC0-301F-11D3-BF4B-00C04F79EFBC}") = "TimothyHsu_PartyMVC", "TimothyHsu_PartyMVC\TimothyHsu_PartyMVC.csproj", "{62A54BDC-5296-4414-B17B-24C7A3FD7E7E}"
EndProject
Global
	GlobalSection(SolutionConfigurationPlatforms) = preSolution
		Debug|Any CPU = Debug|Any CPU
		Release|Any CPU = Release|Any CPU
	EndGlobalSection
	GlobalSection(ProjectConfigurationPlatforms) = postSolution
		{62A54BDC-5296-4414-B17B-24C7A3FD7E7E}.Debug|Any CPU.ActiveCfg = Debug|Any CPU
		{62A54BDC-5296-4414-B17B-24C7A3FD7E7E}.Debug|Any CPU.Build.0 = Debug|Any CPU
		{62A54BDC-5296-4414-B17B-24C7A3FD7E7E}.Release|Any CPU.ActiveCfg = Release|Any CPU
		{62A54BDC-5296-4414-B17B-24C7A3FD7E7E}.Release|Any CPU.Build.0 = Release|Any CPU
	EndGlobalSection
	GlobalSection(SolutionProperties) = preSolution
		HideSolutionNode = FALSE
	EndGlobalSection
	GlobalSection(ExtensibilityGlobals) = postSolution
		SolutionGuid = {A2D903C2-7BD3-453C-86BB-9C156B3BA581}
	EndGlobalSection
EndGlobal
